{
  "name": "kd-hot-topic",
  "version": "1.0.0",
  "lockfileVersion": 3,
  "requires": true,
  "packages": {
    "": {
      "name": "kd-hot-topic",
      "version": "1.0.0",
      "dependencies": {
        "@fontsource-variable/archivo": "^5.3.0",
        "@fontsource/bungee": "^5.3.0",
        "@fontsource/jetbrains-mono": "^5.3.0",
        "@fontsource/silkscreen": "^5.3.0",
        "@fontsource/space-grotesk": "^5.3.0",
        "gsap": "^3.15.0",
        "playwright": "^1.63.0",
        "simple-icons": "^16.33.0"
      }
    },
    "node_modules/@fontsource-variable/archivo": {
      "version": "5.3.0",
      "resolved": "https://registry.npmjs.org/@fontsource-variable/archivo/-/archivo-5.3.0.tgz",
      "integrity": "sha512-HogK8FJelrD1o7TlZlkIVtHgc20bO5PZRWE7mUeUTdMN055alznQV6/00J00IBeu8FQAH4s3zW9UJNvKExXf+g==",
      "license": "OFL-1.1",
      "funding": {
        "url": "https://github.com/sponsors/ayuhito"
      }
    },
    "node_modules/@fontsource/bungee": {
      "version": "5.3.0",
      "resolved": "https://registry.npmjs.org/@fontsource/bungee/-/bungee-5.3.0.tgz",
      "integrity": "sha512-vKwbDE7yMrqfGxgFan+diPLwgWp9j4FGYaLm+OhUoqYO6Pr02QIi/p0KiTW0E/7uiXqfTd6cMj+/E4h2sc3Ocg==",
      "license": "OFL-1.1",
      "funding": {
        "url": "https://github.com/sponsors/ayuhito"
      }
    },
    "node_modules/@fontsource/jetbrains-mono": {
      "version": "5.3.0",
      "resolved": "https://registry.npmjs.org/@fontsource/jetbrains-mono/-/jetbrains-mono-5.3.0.tgz",
      "integrity": "sha512-fqDfB5I9f1p1TV486aUgB9t8zP84P0O1FtQR5Ol9vjwPy+S+EIGlVYm1cvj2W5shcZMTg2nZFdVMoH5wFu8a1A==",
      "license": "OFL-1.1",
      "funding": {
        "url": "https://github.com/sponsors/ayuhito"
      }
    },
    "node_modules/@fontsource/silkscreen": {
      "version": "5.3.0",
      "resolved": "https://registry.npmjs.org/@fontsource/silkscreen/-/silkscreen-5.3.0.tgz",
      "integrity": "sha512-M1NQ3LQH0LFNvyFPd/piHEGMImPPtpLglNnLC6Vdcq9kL0jNIOtTQmksAWCc4enbDnw1OnIpZtjNEfRqYm/QmA==",
      "license": "OFL-1.1",
      "funding": {
        "url": "https://github.com/sponsors/ayuhito"
      }
    },
    "node_modules/@fontsource/space-grotesk": {
      "version": "5.3.0",
      "resolved": "https://registry.npmjs.org/@fontsource/space-grotesk/-/space-grotesk-5.3.0.tgz",
      "integrity": "sha512-ksnGizDPXIDuvqcTYTSrmZ+evx9sDlS8rp7+42BQ7wU+spt3twEoXfbJz672C+5CLg6VeUQwRy5RXshWb67LcQ==",
      "license": "OFL-1.1",
      "funding": {
        "url": "https://github.com/sponsors/ayuhito"
      }
    },
    "node_modules/gsap": {
      "version": "3.15.0",
      "resolved": "https://registry.npmjs.org/gsap/-/gsap-3.15.0.tgz",
      "integrity": "sha512-dMW4CWBTUK1AEEDeZc1g4xpPGIrSf9fJF960qbTZmN/QwZIWY5wgliS6JWl9/25fpTGJrMRtSjGtOmPnfjZB+A==",
      "license": "Standard 'no charge' license: https://gsap.com/standard-license."
    },
    "node_modules/playwright": {
      "version": "1.63.0",
      "resolved": "https://registry.npmjs.org/playwright/-/playwright-1.63.0.tgz",
      "integrity": "sha512-+7ziBLidS4NaNCdt57SUDT+wYmmd5fmiQejUic/kb+YsYSCPyOOE9sebzMjNmQrsnNpDJqd4WHvV/8lfKfUDUg==",
      "license": "Apache-2.0",
      "dependencies": {
        "playwright-core": "1.63.0"
      },
      "bin": {
        "playwright": "cli.js"
      },
      "engines": {
        "node": ">=20"
      }
    },
    "node_modules/playwright-core": {
      "version": "1.63.0",
      "resolved": "https://registry.npmjs.org/playwright-core/-/playwright-core-1.63.0.tgz",
      "integrity": "sha512-rYCsBF/M5HjUch52bbtVONEFjv6Xu8sm8h72dNlR5bzIE1fvC/bxgspzkjSfU+MweEMmPM8KJebG6nnyxo5mCg==",
      "license": "Apache-2.0",
      "bin": {
        "playwright-core": "cli.js"
      },
      "engines": {
        "node": ">=20"
      }
    },
    "node_modules/simple-icons": {
      "version": "16.33.0",
      "resolved": "https://registry.npmjs.org/simple-icons/-/simple-icons-16.33.0.tgz",
      "integrity": "sha512-z14u6A8ngAg9mgERRsNO8YkjIMefehIpBk7A8Dz3Gd91945qFP19MLPSHgV4z8P5u/MRYd5e07OTzaDoB4d6qA==",
      "funding": [
        {
          "type": "opencollective",
          "url": "https://opencollective.com/simple-icons"
        },
        {
          "type": "github",
          "url": "https://github.com/sponsors/simple-icons"
        }
      ],
      "license": "CC0-1.0",
      "engines": {
        "node": ">=0.12.18"
      }
    }
  }
}
